PODS:
  - AudioKit (4.9.2):
    - AudioKit/Core (= 4.9.2)
    - AudioKit/UI (= 4.9.2)
  - AudioKit/Core (4.9.2)
  - AudioKit/UI (4.9.2):
    - AudioKit/Core

DEPENDENCIES:
  - AudioKit

SPEC REPOS:
  trunk:
    - AudioKit

SPEC CHECKSUMS:
  AudioKit: ee388f0c9ad4e90b6106c14caaf809cd7ca220da

PODFILE CHECKSUM: 72b7a4afa6dfbeced9beb3bf52fe5fd9fcab4fb9

COCOAPODS: 1.8.4
