// !$*UTF8*$!
{
	archiveVersion = 1;
	classes = {
	};
	objectVersion = 48;
	objects = {

/* Begin PBXBuildFile section */
		1706922D2023C51E000CBF58 /* AudioToolbox.framework in Frameworks */ = {isa = PBXBuildFile; fileRef = 1706922C2023C51E000CBF58 /* AudioToolbox.framework */; };
		17178CDD202150FA00163DC0 /* AppDelegate.swift in Sources */ = {isa = PBXBuildFile; fileRef = 17178CDC202150FA00163DC0 /* AppDelegate.swift */; };
		17178CDF202150FA00163DC0 /* ViewController.swift in Sources */ = {isa = PBXBuildFile; fileRef = 17178CDE202150FA00163DC0 /* ViewController.swift */; };
		17178CE2202150FA00163DC0 /* Main.storyboard in Resources */ = {isa = PBXBuildFile; fileRef = 17178CE0202150FA00163DC0 /* Main.storyboard */; };
		17178CE4202150FA00163DC0 /* Assets.xcassets in Resources */ = {isa = PBXBuildFile; fileRef = 17178CE3202150FA00163DC0 /* Assets.xcassets */; };
		17178CE7202150FA00163DC0 /* LaunchScreen.storyboard in Resources */ = {isa = PBXBuildFile; fileRef = 17178CE5202150FA00163DC0 /* LaunchScreen.storyboard */; };
		17178CEF2021853900163DC0 /* Conductor.swift in Sources */ = {isa = PBXBuildFile; fileRef = 17178CEE2021853900163DC0 /* Conductor.swift */; };
		17178CF3202188E700163DC0 /* Sounds in Resources */ = {isa = PBXBuildFile; fileRef = 17178CF2202188E700163DC0 /* Sounds */; };
		17178CF52022313800163DC0 /* SamplerAudioFileLoader.swift in Sources */ = {isa = PBXBuildFile; fileRef = 17178CF42022313800163DC0 /* SamplerAudioFileLoader.swift */; };
		6017805EE1E9578D6C7A70C8 /* Pods_AKMidiReceiver.framework in Frameworks */ = {isa = PBXBuildFile; fileRef = 5FAB3FED353A3DC8AE06B240 /* Pods_AKMidiReceiver.framework */; };
/* End PBXBuildFile section */

/* Begin PBXFileReference section */
		1706922C2023C51E000CBF58 /* AudioToolbox.framework */ = {isa = PBXFileReference; lastKnownFileType = wrapper.framework; name = AudioToolbox.framework; path = System/Library/Frameworks/AudioToolbox.framework; sourceTree = SDKROOT; };
		17178CD9202150FA00163DC0 /* AKMidiReceiver.app */ = {isa = PBXFileReference; explicitFileType = wrapper.application; includeInIndex = 0; path = AKMidiReceiver.app; sourceTree = BUILT_PRODUCTS_DIR; };
		17178CDC202150FA00163DC0 /* AppDelegate.swift */ = {isa = PBXFileReference; lastKnownFileType = sourcecode.swift; path = AppDelegate.swift; sourceTree = "<group>"; };
		17178CDE202150FA00163DC0 /* ViewController.swift */ = {isa = PBXFileReference; lastKnownFileType = sourcecode.swift; path = ViewController.swift; sourceTree = "<group>"; };
		17178CE1202150FA00163DC0 /* Base */ = {isa = PBXFileReference; lastKnownFileType = file.storyboard; name = Base; path = Base.lproj/Main.storyboard; sourceTree = "<group>"; };
		17178CE3202150FA00163DC0 /* Assets.xcassets */ = {isa = PBXFileReference; lastKnownFileType = folder.assetcatalog; path = Assets.xcassets; sourceTree = "<group>"; };
		17178CE6202150FA00163DC0 /* Base */ = {isa = PBXFileReference; lastKnownFileType = file.storyboard; name = Base; path = Base.lproj/LaunchScreen.storyboard; sourceTree = "<group>"; };
		17178CE8202150FA00163DC0 /* Info.plist */ = {isa = PBXFileReference; lastKnownFileType = text.plist.xml; path = Info.plist; sourceTree = "<group>"; };
		17178CEE2021853900163DC0 /* Conductor.swift */ = {isa = PBXFileReference; lastKnownFileType = sourcecode.swift; path = Conductor.swift; sourceTree = "<group>"; };
		17178CF2202188E700163DC0 /* Sounds */ = {isa = PBXFileReference; lastKnownFileType = folder; path = Sounds; sourceTree = "<group>"; };
		17178CF42022313800163DC0 /* SamplerAudioFileLoader.swift */ = {isa = PBXFileReference; lastKnownFileType = sourcecode.swift; path = SamplerAudioFileLoader.swift; sourceTree = "<group>"; };
		173D44DD20227E480035D189 /* AKMidiReceiver.entitlements */ = {isa = PBXFileReference; lastKnownFileType = text.plist.entitlements; path = AKMidiReceiver.entitlements; sourceTree = "<group>"; };
		5FAB3FED353A3DC8AE06B240 /* Pods_AKMidiReceiver.framework */ = {isa = PBXFileReference; explicitFileType = wrapper.framework; includeInIndex = 0; path = Pods_AKMidiReceiver.framework; sourceTree = BUILT_PRODUCTS_DIR; };
		6BD70432FD279FB6A40F27DC /* Pods-AKMidiReceiver.debug.xcconfig */ = {isa = PBXFileReference; includeInIndex = 1; lastKnownFileType = text.xcconfig; name = "Pods-AKMidiReceiver.debug.xcconfig"; path = "Pods/Target Support Files/Pods-AKMidiReceiver/Pods-AKMidiReceiver.debug.xcconfig"; sourceTree = "<group>"; };
		D318BF2EBA049C2C11C1700B /* Pods-AKMidiReceiver.release.xcconfig */ = {isa = PBXFileReference; includeInIndex = 1; lastKnownFileType = text.xcconfig; name = "Pods-AKMidiReceiver.release.xcconfig"; path = "Pods/Target Support Files/Pods-AKMidiReceiver/Pods-AKMidiReceiver.release.xcconfig"; sourceTree = "<group>"; };
/* End PBXFileReference section */

/* Begin PBXFrameworksBuildPhase section */
		17178CD6202150FA00163DC0 /* Frameworks */ = {
			isa = PBXFrameworksBuildPhase;
			buildActionMask = 2147483647;
			files = (
				6017805EE1E9578D6C7A70C8 /* Pods_AKMidiReceiver.framework in Frameworks */,
				1706922D2023C51E000CBF58 /* AudioToolbox.framework in Frameworks */,
			);
			runOnlyForDeploymentPostprocessing = 0;
		};
/* End PBXFrameworksBuildPhase section */

/* Begin PBXGroup section */
		17178CD0202150FA00163DC0 = {
			isa = PBXGroup;
			children = (
				17178CDB202150FA00163DC0 /* AKMidiReceiver */,
				17178CDA202150FA00163DC0 /* Products */,
				2E51E11696A6CE10CFF48252 /* Pods */,
				BFFDDD9ED614704D362DBD5F /* Frameworks */,
			);
			sourceTree = "<group>";
		};
		17178CDA202150FA00163DC0 /* Products */ = {
			isa = PBXGroup;
			children = (
				17178CD9202150FA00163DC0 /* AKMidiReceiver.app */,
			);
			name = Products;
			sourceTree = "<group>";
		};
		17178CDB202150FA00163DC0 /* AKMidiReceiver */ = {
			isa = PBXGroup;
			children = (
				173D44DD20227E480035D189 /* AKMidiReceiver.entitlements */,
				17178CDC202150FA00163DC0 /* AppDelegate.swift */,
				17178CF42022313800163DC0 /* SamplerAudioFileLoader.swift */,
				17178CEE2021853900163DC0 /* Conductor.swift */,
				17178CDE202150FA00163DC0 /* ViewController.swift */,
				17178CE0202150FA00163DC0 /* Main.storyboard */,
				17178CF2202188E700163DC0 /* Sounds */,
				17178CE3202150FA00163DC0 /* Assets.xcassets */,
				17178CE5202150FA00163DC0 /* LaunchScreen.storyboard */,
				17178CE8202150FA00163DC0 /* Info.plist */,
			);
			path = AKMidiReceiver;
			sourceTree = "<group>";
		};
		2E51E11696A6CE10CFF48252 /* Pods */ = {
			isa = PBXGroup;
			children = (
				6BD70432FD279FB6A40F27DC /* Pods-AKMidiReceiver.debug.xcconfig */,
				D318BF2EBA049C2C11C1700B /* Pods-AKMidiReceiver.release.xcconfig */,
			);
			name = Pods;
			sourceTree = "<group>";
		};
		BFFDDD9ED614704D362DBD5F /* Frameworks */ = {
			isa = PBXGroup;
			children = (
				1706922C2023C51E000CBF58 /* AudioToolbox.framework */,
				5FAB3FED353A3DC8AE06B240 /* Pods_AKMidiReceiver.framework */,
			);
			name = Frameworks;
			sourceTree = "<group>";
		};
/* End PBXGroup section */

/* Begin PBXNativeTarget section */
		17178CD8202150FA00163DC0 /* AKMidiReceiver */ = {
			isa = PBXNativeTarget;
			buildConfigurationList = 17178CEB202150FA00163DC0 /* Build configuration list for PBXNativeTarget "AKMidiReceiver" */;
			buildPhases = (
				0E1518E3181D038DF9D3CA7E /* [CP] Check Pods Manifest.lock */,
				17178CD5202150FA00163DC0 /* Sources */,
				17178CD6202150FA00163DC0 /* Frameworks */,
				17178CD7202150FA00163DC0 /* Resources */,
				E509DC1D3CE3A6DC793A0901 /* [CP] Embed Pods Frameworks */,
				E95637BE1B0830A7C3E8C22B /* [CP] Copy Pods Resources */,
			);
			buildRules = (
			);
			dependencies = (
			);
			name = AKMidiReceiver;
			productName = AKMidiReceiver;
			productReference = 17178CD9202150FA00163DC0 /* AKMidiReceiver.app */;
			productType = "com.apple.product-type.application";
		};
/* End PBXNativeTarget section */

/* Begin PBXProject section */
		17178CD1202150FA00163DC0 /* Project object */ = {
			isa = PBXProject;
			attributes = {
				LastSwiftUpdateCheck = 0920;
				LastUpgradeCheck = 0920;
				ORGANIZATIONNAME = "Mark Jeschke";
				TargetAttributes = {
					17178CD8202150FA00163DC0 = {
						CreatedOnToolsVersion = 9.2;
						ProvisioningStyle = Automatic;
						SystemCapabilities = {
							com.apple.BackgroundModes = {
								enabled = 1;
							};
							com.apple.InterAppAudio = {
								enabled = 1;
							};
						};
					};
				};
			};
			buildConfigurationList = 17178CD4202150FA00163DC0 /* Build configuration list for PBXProject "AKMidiReceiver" */;
			compatibilityVersion = "Xcode 8.0";
			developmentRegion = en;
			hasScannedForEncodings = 0;
			knownRegions = (
				en,
				Base,
			);
			mainGroup = 17178CD0202150FA00163DC0;
			productRefGroup = 17178CDA202150FA00163DC0 /* Products */;
			projectDirPath = "";
			projectRoot = "";
			targets = (
				17178CD8202150FA00163DC0 /* AKMidiReceiver */,
			);
		};
/* End PBXProject section */

/* Begin PBXResourcesBuildPhase section */
		17178CD7202150FA00163DC0 /* Resources */ = {
			isa = PBXResourcesBuildPhase;
			buildActionMask = 2147483647;
			files = (
				17178CE7202150FA00163DC0 /* LaunchScreen.storyboard in Resources */,
				17178CE4202150FA00163DC0 /* Assets.xcassets in Resources */,
				17178CF3202188E700163DC0 /* Sounds in Resources */,
				17178CE2202150FA00163DC0 /* Main.storyboard in Resources */,
			);
			runOnlyForDeploymentPostprocessing = 0;
		};
/* End PBXResourcesBuildPhase section */

/* Begin PBXShellScriptBuildPhase section */
		0E1518E3181D038DF9D3CA7E /* [CP] Check Pods Manifest.lock */ = {
			isa = PBXShellScriptBuildPhase;
			buildActionMask = 2147483647;
			files = (
			);
			inputPaths = (
				"${PODS_PODFILE_DIR_PATH}/Podfile.lock",
				"${PODS_ROOT}/Manifest.lock",
			);
			name = "[CP] Check Pods Manifest.lock";
			outputPaths = (
				"$(DERIVED_FILE_DIR)/Pods-AKMidiReceiver-checkManifestLockResult.txt",
			);
			runOnlyForDeploymentPostprocessing = 0;
			shellPath = /bin/sh;
			shellScript = "diff \"${PODS_PODFILE_DIR_PATH}/Podfile.lock\" \"${PODS_ROOT}/Manifest.lock\" > /dev/null\nif [ $? != 0 ] ; then\n    # print error to STDERR\n    echo \"error: The sandbox is not in sync with the Podfile.lock. Run 'pod install' or update your CocoaPods installation.\" >&2\n    exit 1\nfi\n# This output is used by Xcode 'outputs' to avoid re-running this script phase.\necho \"SUCCESS\" > \"${SCRIPT_OUTPUT_FILE_0}\"\n";
			showEnvVarsInLog = 0;
		};
		E509DC1D3CE3A6DC793A0901 /* [CP] Embed Pods Frameworks */ = {
			isa = PBXShellScriptBuildPhase;
			buildActionMask = 2147483647;
			files = (
			);
			inputPaths = (
				"${SRCROOT}/Pods/Target Support Files/Pods-AKMidiReceiver/Pods-AKMidiReceiver-frameworks.sh",
				"${PODS_ROOT}/AudioKit/iOS/AudioKit.framework",
				"${PODS_ROOT}/AudioKit/iOS/AudioKitUI.framework",
			);
			name = "[CP] Embed Pods Frameworks";
			outputPaths = (
				"${TARGET_BUILD_DIR}/${FRAMEWORKS_FOLDER_PATH}/AudioKit.framework",
				"${TARGET_BUILD_DIR}/${FRAMEWORKS_FOLDER_PATH}/AudioKitUI.framework",
			);
			runOnlyForDeploymentPostprocessing = 0;
			shellPath = /bin/sh;
			shellScript = "\"${SRCROOT}/Pods/Target Support Files/Pods-AKMidiReceiver/Pods-AKMidiReceiver-frameworks.sh\"\n";
			showEnvVarsInLog = 0;
		};
		E95637BE1B0830A7C3E8C22B /* [CP] Copy Pods Resources */ = {
			isa = PBXShellScriptBuildPhase;
			buildActionMask = 2147483647;
			files = (
			);
			inputPaths = (
			);
			name = "[CP] Copy Pods Resources";
			outputPaths = (
			);
			runOnlyForDeploymentPostprocessing = 0;
			shellPath = /bin/sh;
			shellScript = "\"${SRCROOT}/Pods/Target Support Files/Pods-AKMidiReceiver/Pods-AKMidiReceiver-resources.sh\"\n";
			showEnvVarsInLog = 0;
		};
/* End PBXShellScriptBuildPhase section */

/* Begin PBXSourcesBuildPhase section */
		17178CD5202150FA00163DC0 /* Sources */ = {
			isa = PBXSourcesBuildPhase;
			buildActionMask = 2147483647;
			files = (
				17178CDF202150FA00163DC0 /* ViewController.swift in Sources */,
				17178CEF2021853900163DC0 /* Conductor.swift in Sources */,
				17178CF52022313800163DC0 /* SamplerAudioFileLoader.swift in Sources */,
				17178CDD202150FA00163DC0 /* AppDelegate.swift in Sources */,
			);
			runOnlyForDeploymentPostprocessing = 0;
		};
/* End PBXSourcesBuildPhase section */

/* Begin PBXVariantGroup section */
		17178CE0202150FA00163DC0 /* Main.storyboard */ = {
			isa = PBXVariantGroup;
			children = (
				17178CE1202150FA00163DC0 /* Base */,
			);
			name = Main.storyboard;
			sourceTree = "<group>";
		};
		17178CE5202150FA00163DC0 /* LaunchScreen.storyboard */ = {
			isa = PBXVariantGroup;
			children = (
				17178CE6202150FA00163DC0 /* Base */,
			);
			name = LaunchScreen.storyboard;
			sourceTree = "<group>";
		};
/* End PBXVariantGroup section */

/* Begin XCBuildConfiguration section */
		17178CE9202150FA00163DC0 /* Debug */ = {
			isa = XCBuildConfiguration;
			buildSettings = {
				ALWAYS_SEARCH_USER_PATHS = NO;
				CLANG_ANALYZER_NONNULL = YES;
				CLANG_ANALYZER_NUMBER_OBJECT_CONVERSION = YES_AGGRESSIVE;
				CLANG_CXX_LANGUAGE_STANDARD = "gnu++14";
				CLANG_CXX_LIBRARY = "libc++";
				CLANG_ENABLE_MODULES = YES;
				CLANG_ENABLE_OBJC_ARC = YES;
				CLANG_WARN_BLOCK_CAPTURE_AUTORELEASING = YES;
				CLANG_WARN_BOOL_CONVERSION = YES;
				CLANG_WARN_COMMA = YES;
				CLANG_WARN_CONSTANT_CONVERSION = YES;
				CLANG_WARN_DIRECT_OBJC_ISA_USAGE = YES_ERROR;
				CLANG_WARN_DOCUMENTATION_COMMENTS = YES;
				CLANG_WARN_EMPTY_BODY = YES;
				CLANG_WARN_ENUM_CONVERSION = YES;
				CLANG_WARN_INFINITE_RECURSION = YES;
				CLANG_WARN_INT_CONVERSION = YES;
				CLANG_WARN_NON_LITERAL_NULL_CONVERSION = YES;
				CLANG_WARN_OBJC_LITERAL_CONVERSION = YES;
				CLANG_WARN_OBJC_ROOT_CLASS = YES_ERROR;
				CLANG_WARN_RANGE_LOOP_ANALYSIS = YES;
				CLANG_WARN_STRICT_PROTOTYPES = YES;
				CLANG_WARN_SUSPICIOUS_MOVE = YES;
				CLANG_WARN_UNGUARDED_AVAILABILITY = YES_AGGRESSIVE;
				CLANG_WARN_UNREACHABLE_CODE = YES;
				CLANG_WARN__DUPLICATE_METHOD_MATCH = YES;
				CODE_SIGN_IDENTITY = "iPhone Developer";
				COPY_PHASE_STRIP = NO;
				DEBUG_INFORMATION_FORMAT = dwarf;
				ENABLE_STRICT_OBJC_MSGSEND = YES;
				ENABLE_TESTABILITY = YES;
				GCC_C_LANGUAGE_STANDARD = gnu11;
				GCC_DYNAMIC_NO_PIC = NO;
				GCC_NO_COMMON_BLOCKS = YES;
				GCC_OPTIMIZATION_LEVEL = 0;
				GCC_PREPROCESSOR_DEFINITIONS = (
					"DEBUG=1",
					"$(inherited)",
				);
				GCC_WARN_64_TO_32_BIT_CONVERSION = YES;
				GCC_WARN_ABOUT_RETURN_TYPE = YES_ERROR;
				GCC_WARN_UNDECLARED_SELECTOR = YES;
				GCC_WARN_UNINITIALIZED_AUTOS = YES_AGGRESSIVE;
				GCC_WARN_UNUSED_FUNCTION = YES;
				GCC_WARN_UNUSED_VARIABLE = YES;
				IPHONEOS_DEPLOYMENT_TARGET = 11.2;
				MTL_ENABLE_DEBUG_INFO = YES;
				ONLY_ACTIVE_ARCH = YES;
				SDKROOT = iphoneos;
				SWIFT_ACTIVE_COMPILATION_CONDITIONS = DEBUG;
				SWIFT_OPTIMIZATION_LEVEL = "-Onone";
			};
			name = Debug;
		};
		17178CEA202150FA00163DC0 /* Release */ = {
			isa = XCBuildConfiguration;
			buildSettings = {
				ALWAYS_SEARCH_USER_PATHS = NO;
				CLANG_ANALYZER_NONNULL = YES;
				CLANG_ANALYZER_NUMBER_OBJECT_CONVERSION = YES_AGGRESSIVE;
				CLANG_CXX_LANGUAGE_STANDARD = "gnu++14";
				CLANG_CXX_LIBRARY = "libc++";
				CLANG_ENABLE_MODULES = YES;
				CLANG_ENABLE_OBJC_ARC = YES;
				CLANG_WARN_BLOCK_CAPTURE_AUTORELEASING = YES;
				CLANG_WARN_BOOL_CONVERSION = YES;
				CLANG_WARN_COMMA = YES;
				CLANG_WARN_CONSTANT_CONVERSION = YES;
				CLANG_WARN_DIRECT_OBJC_ISA_USAGE = YES_ERROR;
				CLANG_WARN_DOCUMENTATION_COMMENTS = YES;
				CLANG_WARN_EMPTY_BODY = YES;
				CLANG_WARN_ENUM_CONVERSION = YES;
				CLANG_WARN_INFINITE_RECURSION = YES;
				CLANG_WARN_INT_CONVERSION = YES;
				CLANG_WARN_NON_LITERAL_NULL_CONVERSION = YES;
				CLANG_WARN_OBJC_LITERAL_CONVERSION = YES;
				CLANG_WARN_OBJC_ROOT_CLASS = YES_ERROR;
				CLANG_WARN_RANGE_LOOP_ANALYSIS = YES;
				CLANG_WARN_STRICT_PROTOTYPES = YES;
				CLANG_WARN_SUSPICIOUS_MOVE = YES;
				CLANG_WARN_UNGUARDED_AVAILABILITY = YES_AGGRESSIVE;
				CLANG_WARN_UNREACHABLE_CODE = YES;
				CLANG_WARN__DUPLICATE_METHOD_MATCH = YES;
				CODE_SIGN_IDENTITY = "iPhone Developer";
				COPY_PHASE_STRIP = NO;
				DEBUG_INFORMATION_FORMAT = "dwarf-with-dsym";
				ENABLE_NS_ASSERTIONS = NO;
				ENABLE_STRICT_OBJC_MSGSEND = YES;
				GCC_C_LANGUAGE_STANDARD = gnu11;
				GCC_NO_COMMON_BLOCKS = YES;
				GCC_WARN_64_TO_32_BIT_CONVERSION = YES;
				GCC_WARN_ABOUT_RETURN_TYPE = YES_ERROR;
				GCC_WARN_UNDECLARED_SELECTOR = YES;
				GCC_WARN_UNINITIALIZED_AUTOS = YES_AGGRESSIVE;
				GCC_WARN_UNUSED_FUNCTION = YES;
				GCC_WARN_UNUSED_VARIABLE = YES;
				IPHONEOS_DEPLOYMENT_TARGET = 11.2;
				MTL_ENABLE_DEBUG_INFO = NO;
				SDKROOT = iphoneos;
				SWIFT_OPTIMIZATION_LEVEL = "-Owholemodule";
				VALIDATE_PRODUCT = YES;
			};
			name = Release;
		};
		17178CEC202150FA00163DC0 /* Debug */ = {
			isa = XCBuildConfiguration;
			baseConfigurationReference = 6BD70432FD279FB6A40F27DC /* Pods-AKMidiReceiver.debug.xcconfig */;
			buildSettings = {
				ASSETCATALOG_COMPILER_APPICON_NAME = AppIcon;
				CODE_SIGN_ENTITLEMENTS = AKMidiReceiver/AKMidiReceiver.entitlements;
				CODE_SIGN_STYLE = Automatic;
				DEVELOPMENT_TEAM = D4Z52CBL7L;
				INFOPLIST_FILE = AKMidiReceiver/Info.plist;
				IPHONEOS_DEPLOYMENT_TARGET = 9.0;
				LD_RUNPATH_SEARCH_PATHS = "$(inherited) @executable_path/Frameworks";
				PRODUCT_BUNDLE_IDENTIFIER = com.oogamedia.AKMidiReceiver;
				PRODUCT_NAME = "$(TARGET_NAME)";
				SWIFT_VERSION = 4.0;
				TARGETED_DEVICE_FAMILY = "1,2";
			};
			name = Debug;
		};
		17178CED202150FA00163DC0 /* Release */ = {
			isa = XCBuildConfiguration;
			baseConfigurationReference = D318BF2EBA049C2C11C1700B /* Pods-AKMidiReceiver.release.xcconfig */;
			buildSettings = {
				ASSETCATALOG_COMPILER_APPICON_NAME = AppIcon;
				CODE_SIGN_ENTITLEMENTS = AKMidiReceiver/AKMidiReceiver.entitlements;
				CODE_SIGN_STYLE = Automatic;
				DEVELOPMENT_TEAM = D4Z52CBL7L;
				INFOPLIST_FILE = AKMidiReceiver/Info.plist;
				IPHONEOS_DEPLOYMENT_TARGET = 9.0;
				LD_RUNPATH_SEARCH_PATHS = "$(inherited) @executable_path/Frameworks";
				PRODUCT_BUNDLE_IDENTIFIER = com.oogamedia.AKMidiReceiver;
				PRODUCT_NAME = "$(TARGET_NAME)";
				SWIFT_VERSION = 4.0;
				TARGETED_DEVICE_FAMILY = "1,2";
			};
			name = Release;
		};
/* End XCBuildConfiguration section */

/* Begin XCConfigurationList section */
		17178CD4202150FA00163DC0 /* Build configuration list for PBXProject "AKMidiReceiver" */ = {
			isa = XCConfigurationList;
			buildConfigurations = (
				17178CE9202150FA00163DC0 /* Debug */,
				17178CEA202150FA00163DC0 /* Release */,
			);
			defaultConfigurationIsVisible = 0;
			defaultConfigurationName = Release;
		};
		17178CEB202150FA00163DC0 /* Build configuration list for PBXNativeTarget "AKMidiReceiver" */ = {
			isa = XCConfigurationList;
			buildConfigurations = (
				17178CEC202150FA00163DC0 /* Debug */,
				17178CED202150FA00163DC0 /* Release */,
			);
			defaultConfigurationIsVisible = 0;
			defaultConfigurationName = Release;
		};
/* End XCConfigurationList section */
	};
	rootObject = 17178CD1202150FA00163DC0 /* Project object */;
}
